
Microsoft Visual Studio Solution File, Format Version 12.00
# Visual Studio Version 17
VisualStudioVersion = 17.1.32319.34
MinimumVisualStudioVersion = 10.0.40219.1
Project("{9A19103F-16F7-4668-BE54-9A1E7A4F7556}") = "GitTrainingCalc", "GitTrainingCalc.csproj", "{68F46E98-7B05-4BBD-8219-6362B042BE67}"
EndProject
Project("{9A19103F-16F7-4668-BE54-9A1E7A4F7556}") = "ModelCalc", "ModelCalc\ModelCalc.csproj", "{A5B2F525-BC9E-42CC-ADDF-79C7EBE0E33F}"
EndProject
Project("{9A19103F-16F7-4668-BE54-9A1E7A4F7556}") = "TestModelCalc", "TestModelCalc\TestModelCalc.csproj", "{CBE43666-F73C-44DA-8640-4B9CE4000133}"
EndProject
Global
	GlobalSection(SolutionConfigurationPlatforms) = preSolution
		Debug|Any CPU = Debug|Any CPU
		Release|Any CPU = Release|Any CPU
	EndGlobalSection
	GlobalSection(ProjectConfigurationPlatforms) = postSolution
		{68F46E98-7B05-4BBD-8219-6362B042BE67}.Debug|Any CPU.ActiveCfg = Debug|Any CPU
		{68F46E98-7B05-4BBD-8219-6362B042BE67}.Debug|Any CPU.Build.0 = Debug|Any CPU
		{68F46E98-7B05-4BBD-8219-6362B042BE67}.Release|Any CPU.ActiveCfg = Release|Any CPU
		{68F46E98-7B05-4BBD-8219-6362B042BE67}.Release|Any CPU.Build.0 = Release|Any CPU
		{A5B2F525-BC9E-42CC-ADDF-79C7EBE0E33F}.Debug|Any CPU.ActiveCfg = Debug|Any CPU
		{A5B2F525-BC9E-42CC-ADDF-79C7EBE0E33F}.Debug|Any CPU.Build.0 = Debug|Any CPU
		{A5B2F525-BC9E-42CC-ADDF-79C7EBE0E33F}.Release|Any CPU.ActiveCfg = Release|Any CPU
		{A5B2F525-BC9E-42CC-ADDF-79C7EBE0E33F}.Release|Any CPU.Build.0 = Release|Any CPU
		{CBE43666-F73C-44DA-8640-4B9CE4000133}.Debug|Any CPU.ActiveCfg = Debug|Any CPU
		{CBE43666-F73C-44DA-8640-4B9CE4000133}.Debug|Any CPU.Build.0 = Debug|Any CPU
		{CBE43666-F73C-44DA-8640-4B9CE4000133}.Release|Any CPU.ActiveCfg = Release|Any CPU
		{CBE43666-F73C-44DA-8640-4B9CE4000133}.Release|Any CPU.Build.0 = Release|Any CPU
	EndGlobalSection
	GlobalSection(SolutionProperties) = preSolution
		HideSolutionNode = FALSE
	EndGlobalSection
	GlobalSection(ExtensibilityGlobals) = postSolution
		SolutionGuid = {62987681-2742-41CD-993D-6005E7CFA0E9}
	EndGlobalSection
EndGlobal
